// !$*UTF8*$!
{
	archiveVersion = 1;
	classes = {
	};
	objectVersion = 51;
	objects = {

/* Begin PBXBuildFile section */
		77ABF92ADE187EC2B4018AF9 /* Pods_TeamioTests.framework in Frameworks */ = {isa = PBXBuildFile; fileRef = 9835984AFEC8F2E7B08BDE99 /* Pods_TeamioTests.framework */; };
		A8E71B1D2642FFC9002B7EB2 /* TeamioApp.swift in Sources */ = {isa = PBXBuildFile; fileRef = A8E71B1C2642FFC9002B7EB2 /* TeamioApp.swift */; };
		A8E71B212642FFCC002B7EB2 /* Assets.xcassets in Resources */ = {isa = PBXBuildFile; fileRef = A8E71B202642FFCC002B7EB2 /* Assets.xcassets */; };
		A8E71B242642FFCC002B7EB2 /* Preview Assets.xcassets in Resources */ = {isa = PBXBuildFile; fileRef = A8E71B232642FFCC002B7EB2 /* Preview Assets.xcassets */; };
		A8E71B2F2642FFCC002B7EB2 /* TeamioTests.swift in Sources */ = {isa = PBXBuildFile; fileRef = A8E71B2E2642FFCC002B7EB2 /* TeamioTests.swift */; };
		A8E71B3A2642FFCC002B7EB2 /* TeamioUITests.swift in Sources */ = {isa = PBXBuildFile; fileRef = A8E71B392642FFCC002B7EB2 /* TeamioUITests.swift */; };
		A8E71B4D26430038002B7EB2 /* Login.swift in Sources */ = {isa = PBXBuildFile; fileRef = A8E71B4C26430038002B7EB2 /* Login.swift */; };
		A8E71B50264304CA002B7EB2 /* TextFieldStyle.swift in Sources */ = {isa = PBXBuildFile; fileRef = A8E71B4F264304CA002B7EB2 /* TextFieldStyle.swift */; };
		A8E71B532643075A002B7EB2 /* Extension+UIColor.swift in Sources */ = {isa = PBXBuildFile; fileRef = A8E71B522643075A002B7EB2 /* Extension+UIColor.swift */; };
		A8E71B5726431527002B7EB2 /* Hellix-Regular.ttf in Resources */ = {isa = PBXBuildFile; fileRef = A8E71B55264309D8002B7EB2 /* Hellix-Regular.ttf */; };
		A8E71B582643152B002B7EB2 /* Hellix-SemiBold.ttf in Resources */ = {isa = PBXBuildFile; fileRef = A8E71B5626431168002B7EB2 /* Hellix-SemiBold.ttf */; };
		A8E71B5E26431952002B7EB2 /* SignUp.swift in Sources */ = {isa = PBXBuildFile; fileRef = A8E71B5D26431952002B7EB2 /* SignUp.swift */; };
		A8E71B6026431B3D002B7EB2 /* Hellix-Bold.ttf in Resources */ = {isa = PBXBuildFile; fileRef = A8E71B5F26431B3D002B7EB2 /* Hellix-Bold.ttf */; };
		A8E71B622643C89B002B7EB2 /* GoogleService-Info.plist in Resources */ = {isa = PBXBuildFile; fileRef = A8E71B612643C89B002B7EB2 /* GoogleService-Info.plist */; };
		A8E71B6B2643CD19002B7EB2 /* Post.swift in Sources */ = {isa = PBXBuildFile; fileRef = A8E71B6A2643CD19002B7EB2 /* Post.swift */; };
		A8E71B6F2643CEDF002B7EB2 /* Home.swift in Sources */ = {isa = PBXBuildFile; fileRef = A8E71B6E2643CEDF002B7EB2 /* Home.swift */; };
		A8E71B712643D1AA002B7EB2 /* PostsListViewModel.swift in Sources */ = {isa = PBXBuildFile; fileRef = A8E71B702643D1AA002B7EB2 /* PostsListViewModel.swift */; };
		A8E71B752643EDA5002B7EB2 /* User.swift in Sources */ = {isa = PBXBuildFile; fileRef = A8E71B742643EDA5002B7EB2 /* User.swift */; };
		A8E71B782643EDD4002B7EB2 /* ViewModel.swift in Sources */ = {isa = PBXBuildFile; fileRef = A8E71B772643EDD4002B7EB2 /* ViewModel.swift */; };
		C6E9D1662759D0DD7B84DC3F /* Pods_Teamio.framework in Frameworks */ = {isa = PBXBuildFile; fileRef = 8C48301D373E3F70438E1D20 /* Pods_Teamio.framework */; };
		CC1EDDCCE6CF01DCA2893B9A /* Pods_Teamio_TeamioUITests.framework in Frameworks */ = {isa = PBXBuildFile; fileRef = C8E0599DA5ADF6E2BAC18078 /* Pods_Teamio_TeamioUITests.framework */; };
/* End PBXBuildFile section */

/* Begin PBXContainerItemProxy section */
		A8E71B2B2642FFCC002B7EB2 /* PBXContainerItemProxy */ = {
			isa = PBXContainerItemProxy;
			containerPortal = A8E71B112642FFC9002B7EB2 /* Project object */;
			proxyType = 1;
			remoteGlobalIDString = A8E71B182642FFC9002B7EB2;
			remoteInfo = Teamio;
		};
		A8E71B362642FFCC002B7EB2 /* PBXContainerItemProxy */ = {
			isa = PBXContainerItemProxy;
			containerPortal = A8E71B112642FFC9002B7EB2 /* Project object */;
			proxyType = 1;
			remoteGlobalIDString = A8E71B182642FFC9002B7EB2;
			remoteInfo = Teamio;
		};
/* End PBXContainerItemProxy section */

/* Begin PBXFileReference section */
		0880F515F44A2A850EF4144D /* Pods-Teamio-TeamioUITests.debug.xcconfig */ = {isa = PBXFileReference; includeInIndex = 1; lastKnownFileType = text.xcconfig; name = "Pods-Teamio-TeamioUITests.debug.xcconfig"; path = "Target Support Files/Pods-Teamio-TeamioUITests/Pods-Teamio-TeamioUITests.debug.xcconfig"; sourceTree = "<group>"; };
		48E1956464145C8FEF2F1421 /* Pods-Teamio.release.xcconfig */ = {isa = PBXFileReference; includeInIndex = 1; lastKnownFileType = text.xcconfig; name = "Pods-Teamio.release.xcconfig"; path = "Target Support Files/Pods-Teamio/Pods-Teamio.release.xcconfig"; sourceTree = "<group>"; };
		5CBACEE94D3AFADE298CBC5E /* Pods-TeamioTests.debug.xcconfig */ = {isa = PBXFileReference; includeInIndex = 1; lastKnownFileType = text.xcconfig; name = "Pods-TeamioTests.debug.xcconfig"; path = "Target Support Files/Pods-TeamioTests/Pods-TeamioTests.debug.xcconfig"; sourceTree = "<group>"; };
		8C48301D373E3F70438E1D20 /* Pods_Teamio.framework */ = {isa = PBXFileReference; explicitFileType = wrapper.framework; includeInIndex = 0; path = Pods_Teamio.framework; sourceTree = BUILT_PRODUCTS_DIR; };
		9835984AFEC8F2E7B08BDE99 /* Pods_TeamioTests.framework */ = {isa = PBXFileReference; explicitFileType = wrapper.framework; includeInIndex = 0; path = Pods_TeamioTests.framework; sourceTree = BUILT_PRODUCTS_DIR; };
		A8E71B192642FFC9002B7EB2 /* Teamio.app */ = {isa = PBXFileReference; explicitFileType = wrapper.application; includeInIndex = 0; path = Teamio.app; sourceTree = BUILT_PRODUCTS_DIR; };
		A8E71B1C2642FFC9002B7EB2 /* TeamioApp.swift */ = {isa = PBXFileReference; lastKnownFileType = sourcecode.swift; path = TeamioApp.swift; sourceTree = "<group>"; };
		A8E71B202642FFCC002B7EB2 /* Assets.xcassets */ = {isa = PBXFileReference; lastKnownFileType = folder.assetcatalog; path = Assets.xcassets; sourceTree = "<group>"; };
		A8E71B232642FFCC002B7EB2 /* Preview Assets.xcassets */ = {isa = PBXFileReference; lastKnownFileType = folder.assetcatalog; path = "Preview Assets.xcassets"; sourceTree = "<group>"; };
		A8E71B252642FFCC002B7EB2 /* Info.plist */ = {isa = PBXFileReference; lastKnownFileType = text.plist.xml; path = Info.plist; sourceTree = "<group>"; };
		A8E71B2A2642FFCC002B7EB2 /* TeamioTests.xctest */ = {isa = PBXFileReference; explicitFileType = wrapper.cfbundle; includeInIndex = 0; path = TeamioTests.xctest; sourceTree = BUILT_PRODUCTS_DIR; };
		A8E71B2E2642FFCC002B7EB2 /* TeamioTests.swift */ = {isa = PBXFileReference; lastKnownFileType = sourcecode.swift; path = TeamioTests.swift; sourceTree = "<group>"; };
		A8E71B302642FFCC002B7EB2 /* Info.plist */ = {isa = PBXFileReference; lastKnownFileType = text.plist.xml; path = Info.plist; sourceTree = "<group>"; };
		A8E71B352642FFCC002B7EB2 /* TeamioUITests.xctest */ = {isa = PBXFileReference; explicitFileType = wrapper.cfbundle; includeInIndex = 0; path = TeamioUITests.xctest; sourceTree = BUILT_PRODUCTS_DIR; };
		A8E71B392642FFCC002B7EB2 /* TeamioUITests.swift */ = {isa = PBXFileReference; lastKnownFileType = sourcecode.swift; path = TeamioUITests.swift; sourceTree = "<group>"; };
		A8E71B3B2642FFCC002B7EB2 /* Info.plist */ = {isa = PBXFileReference; lastKnownFileType = text.plist.xml; path = Info.plist; sourceTree = "<group>"; };
		A8E71B4C26430038002B7EB2 /* Login.swift */ = {isa = PBXFileReference; lastKnownFileType = sourcecode.swift; path = Login.swift; sourceTree = "<group>"; };
		A8E71B4F264304CA002B7EB2 /* TextFieldStyle.swift */ = {isa = PBXFileReference; lastKnownFileType = sourcecode.swift; path = TextFieldStyle.swift; sourceTree = "<group>"; };
		A8E71B522643075A002B7EB2 /* Extension+UIColor.swift */ = {isa = PBXFileReference; lastKnownFileType = sourcecode.swift; path = "Extension+UIColor.swift"; sourceTree = "<group>"; };
		A8E71B55264309D8002B7EB2 /* Hellix-Regular.ttf */ = {isa = PBXFileReference; lastKnownFileType = file; path = "Hellix-Regular.ttf"; sourceTree = "<group>"; };
		A8E71B5626431168002B7EB2 /* Hellix-SemiBold.ttf */ = {isa = PBXFileReference; lastKnownFileType = file; path = "Hellix-SemiBold.ttf"; sourceTree = "<group>"; };
		A8E71B5D26431952002B7EB2 /* SignUp.swift */ = {isa = PBXFileReference; lastKnownFileType = sourcecode.swift; path = SignUp.swift; sourceTree = "<group>"; };
		A8E71B5F26431B3D002B7EB2 /* Hellix-Bold.ttf */ = {isa = PBXFileReference; lastKnownFileType = file; path = "Hellix-Bold.ttf"; sourceTree = "<group>"; };
		A8E71B612643C89B002B7EB2 /* GoogleService-Info.plist */ = {isa = PBXFileReference; fileEncoding = 4; lastKnownFileType = text.plist.xml; path = "GoogleService-Info.plist"; sourceTree = "<group>"; };
		A8E71B6A2643CD19002B7EB2 /* Post.swift */ = {isa = PBXFileReference; lastKnownFileType = sourcecode.swift; path = Post.swift; sourceTree = "<group>"; };
		A8E71B6E2643CEDF002B7EB2 /* Home.swift */ = {isa = PBXFileReference; lastKnownFileType = sourcecode.swift; path = Home.swift; sourceTree = "<group>"; };
		A8E71B702643D1AA002B7EB2 /* PostsListViewModel.swift */ = {isa = PBXFileReference; lastKnownFileType = sourcecode.swift; path = PostsListViewModel.swift; sourceTree = "<group>"; };
		A8E71B742643EDA5002B7EB2 /* User.swift */ = {isa = PBXFileReference; lastKnownFileType = sourcecode.swift; path = User.swift; sourceTree = "<group>"; };
		A8E71B772643EDD4002B7EB2 /* ViewModel.swift */ = {isa = PBXFileReference; lastKnownFileType = sourcecode.swift; path = ViewModel.swift; sourceTree = "<group>"; };
		BE375F305D5F5B32F1DD8BFB /* Pods-TeamioTests.release.xcconfig */ = {isa = PBXFileReference; includeInIndex = 1; lastKnownFileType = text.xcconfig; name = "Pods-TeamioTests.release.xcconfig"; path = "Target Support Files/Pods-TeamioTests/Pods-TeamioTests.release.xcconfig"; sourceTree = "<group>"; };
		C15ECF826418646A8E00D9DA /* Pods-Teamio.debug.xcconfig */ = {isa = PBXFileReference; includeInIndex = 1; lastKnownFileType = text.xcconfig; name = "Pods-Teamio.debug.xcconfig"; path = "Target Support Files/Pods-Teamio/Pods-Teamio.debug.xcconfig"; sourceTree = "<group>"; };
		C8E0599DA5ADF6E2BAC18078 /* Pods_Teamio_TeamioUITests.framework */ = {isa = PBXFileReference; explicitFileType = wrapper.framework; includeInIndex = 0; path = Pods_Teamio_TeamioUITests.framework; sourceTree = BUILT_PRODUCTS_DIR; };
		EA44E814565863A2094A2C12 /* Pods-Teamio-TeamioUITests.release.xcconfig */ = {isa = PBXFileReference; includeInIndex = 1; lastKnownFileType = text.xcconfig; name = "Pods-Teamio-TeamioUITests.release.xcconfig"; path = "Target Support Files/Pods-Teamio-TeamioUITests/Pods-Teamio-TeamioUITests.release.xcconfig"; sourceTree = "<group>"; };
/* End PBXFileReference section */

/* Begin PBXFrameworksBuildPhase section */
		A8E71B162642FFC9002B7EB2 /* Frameworks */ = {
			isa = PBXFrameworksBuildPhase;
			buildActionMask = 2147483647;
			files = (
				C6E9D1662759D0DD7B84DC3F /* Pods_Teamio.framework in Frameworks */,
			);
			runOnlyForDeploymentPostprocessing = 0;
		};
		A8E71B272642FFCC002B7EB2 /* Frameworks */ = {
			isa = PBXFrameworksBuildPhase;
			buildActionMask = 2147483647;
			files = (
				77ABF92ADE187EC2B4018AF9 /* Pods_TeamioTests.framework in Frameworks */,
			);
			runOnlyForDeploymentPostprocessing = 0;
		};
		A8E71B322642FFCC002B7EB2 /* Frameworks */ = {
			isa = PBXFrameworksBuildPhase;
			buildActionMask = 2147483647;
			files = (
				CC1EDDCCE6CF01DCA2893B9A /* Pods_Teamio_TeamioUITests.framework in Frameworks */,
			);
			runOnlyForDeploymentPostprocessing = 0;
		};
/* End PBXFrameworksBuildPhase section */

/* Begin PBXGroup section */
		60B30955D78798EE8CFE4DAC /* Pods */ = {
			isa = PBXGroup;
			children = (
				C15ECF826418646A8E00D9DA /* Pods-Teamio.debug.xcconfig */,
				48E1956464145C8FEF2F1421 /* Pods-Teamio.release.xcconfig */,
				0880F515F44A2A850EF4144D /* Pods-Teamio-TeamioUITests.debug.xcconfig */,
				EA44E814565863A2094A2C12 /* Pods-Teamio-TeamioUITests.release.xcconfig */,
				5CBACEE94D3AFADE298CBC5E /* Pods-TeamioTests.debug.xcconfig */,
				BE375F305D5F5B32F1DD8BFB /* Pods-TeamioTests.release.xcconfig */,
			);
			path = Pods;
			sourceTree = "<group>";
		};
		A8E71B102642FFC9002B7EB2 = {
			isa = PBXGroup;
			children = (
				A8E71B1B2642FFC9002B7EB2 /* Teamio */,
				A8E71B2D2642FFCC002B7EB2 /* TeamioTests */,
				A8E71B382642FFCC002B7EB2 /* TeamioUITests */,
				A8E71B1A2642FFC9002B7EB2 /* Products */,
				60B30955D78798EE8CFE4DAC /* Pods */,
				CFD6B048372C96A8066160D1 /* Frameworks */,
			);
			sourceTree = "<group>";
		};
		A8E71B1A2642FFC9002B7EB2 /* Products */ = {
			isa = PBXGroup;
			children = (
				A8E71B192642FFC9002B7EB2 /* Teamio.app */,
				A8E71B2A2642FFCC002B7EB2 /* TeamioTests.xctest */,
				A8E71B352642FFCC002B7EB2 /* TeamioUITests.xctest */,
			);
			name = Products;
			sourceTree = "<group>";
		};
		A8E71B1B2642FFC9002B7EB2 /* Teamio */ = {
			isa = PBXGroup;
			children = (
				A8E71B5426430944002B7EB2 /* Fonts */,
				A8E71B5126430744002B7EB2 /* Extension */,
				A8E71B4E264304B4002B7EB2 /* CustomStyles */,
				A8E71B472642FFF0002B7EB2 /* Features */,
				A8E71B1C2642FFC9002B7EB2 /* TeamioApp.swift */,
				A8E71B202642FFCC002B7EB2 /* Assets.xcassets */,
				A8E71B252642FFCC002B7EB2 /* Info.plist */,
				A8E71B612643C89B002B7EB2 /* GoogleService-Info.plist */,
				A8E71B222642FFCC002B7EB2 /* Preview Content */,
			);
			path = Teamio;
			sourceTree = "<group>";
		};
		A8E71B222642FFCC002B7EB2 /* Preview Content */ = {
			isa = PBXGroup;
			children = (
				A8E71B232642FFCC002B7EB2 /* Preview Assets.xcassets */,
			);
			path = "Preview Content";
			sourceTree = "<group>";
		};
		A8E71B2D2642FFCC002B7EB2 /* TeamioTests */ = {
			isa = PBXGroup;
			children = (
				A8E71B2E2642FFCC002B7EB2 /* TeamioTests.swift */,
				A8E71B302642FFCC002B7EB2 /* Info.plist */,
			);
			path = TeamioTests;
			sourceTree = "<group>";
		};
		A8E71B382642FFCC002B7EB2 /* TeamioUITests */ = {
			isa = PBXGroup;
			children = (
				A8E71B392642FFCC002B7EB2 /* TeamioUITests.swift */,
				A8E71B3B2642FFCC002B7EB2 /* Info.plist */,
			);
			path = TeamioUITests;
			sourceTree = "<group>";
		};
		A8E71B472642FFF0002B7EB2 /* Features */ = {
			isa = PBXGroup;
			children = (
				A8E71B632643CAC7002B7EB2 /* Home */,
				A8E71B5926431927002B7EB2 /* SignUp */,
				A8E71B482642FFFE002B7EB2 /* Login */,
			);
			path = Features;
			sourceTree = "<group>";
		};
		A8E71B482642FFFE002B7EB2 /* Login */ = {
			isa = PBXGroup;
			children = (
				A8E71B732643ED99002B7EB2 /* Model */,
				A8E71B722643EB4F002B7EB2 /* ViewModel */,
				A8E71B492643000C002B7EB2 /* View */,
			);
			path = Login;
			sourceTree = "<group>";
		};
		A8E71B492643000C002B7EB2 /* View */ = {
			isa = PBXGroup;
			children = (
				A8E71B4C26430038002B7EB2 /* Login.swift */,
			);
			path = View;
			sourceTree = "<group>";
		};
		A8E71B4E264304B4002B7EB2 /* CustomStyles */ = {
			isa = PBXGroup;
			children = (
				A8E71B4F264304CA002B7EB2 /* TextFieldStyle.swift */,
			);
			path = CustomStyles;
			sourceTree = "<group>";
		};
		A8E71B5126430744002B7EB2 /* Extension */ = {
			isa = PBXGroup;
			children = (
				A8E71B522643075A002B7EB2 /* Extension+UIColor.swift */,
			);
			path = Extension;
			sourceTree = "<group>";
		};
		A8E71B5426430944002B7EB2 /* Fonts */ = {
			isa = PBXGroup;
			children = (
				A8E71B5F26431B3D002B7EB2 /* Hellix-Bold.ttf */,
				A8E71B55264309D8002B7EB2 /* Hellix-Regular.ttf */,
				A8E71B5626431168002B7EB2 /* Hellix-SemiBold.ttf */,
			);
			path = Fonts;
			sourceTree = "<group>";
		};
		A8E71B5926431927002B7EB2 /* SignUp */ = {
			isa = PBXGroup;
			children = (
				A8E71B5C2643193E002B7EB2 /* Views */,
			);
			path = SignUp;
			sourceTree = "<group>";
		};
		A8E71B5C2643193E002B7EB2 /* Views */ = {
			isa = PBXGroup;
			children = (
				A8E71B5D26431952002B7EB2 /* SignUp.swift */,
			);
			path = Views;
			sourceTree = "<group>";
		};
		A8E71B632643CAC7002B7EB2 /* Home */ = {
			isa = PBXGroup;
			children = (
				A8E71B662643CAF4002B7EB2 /* ViewModel */,
				A8E71B652643CAEB002B7EB2 /* Model */,
				A8E71B642643CACD002B7EB2 /* View */,
			);
			path = Home;
			sourceTree = "<group>";
		};
		A8E71B642643CACD002B7EB2 /* View */ = {
			isa = PBXGroup;
			children = (
				A8E71B6E2643CEDF002B7EB2 /* Home.swift */,
			);
			path = View;
			sourceTree = "<group>";
		};
		A8E71B652643CAEB002B7EB2 /* Model */ = {
			isa = PBXGroup;
			children = (
				A8E71B6A2643CD19002B7EB2 /* Post.swift */,
			);
			path = Model;
			sourceTree = "<group>";
		};
		A8E71B662643CAF4002B7EB2 /* ViewModel */ = {
			isa = PBXGroup;
			children = (
				A8E71B702643D1AA002B7EB2 /* PostsListViewModel.swift */,
			);
			path = ViewModel;
			sourceTree = "<group>";
		};
		A8E71B722643EB4F002B7EB2 /* ViewModel */ = {
			isa = PBXGroup;
			children = (
				A8E71B772643EDD4002B7EB2 /* ViewModel.swift */,
			);
			path = ViewModel;
			sourceTree = "<group>";
		};
		A8E71B732643ED99002B7EB2 /* Model */ = {
			isa = PBXGroup;
			children = (
				A8E71B742643EDA5002B7EB2 /* User.swift */,
			);
			path = Model;
			sourceTree = "<group>";
		};
		CFD6B048372C96A8066160D1 /* Frameworks */ = {
			isa = PBXGroup;
			children = (
				8C48301D373E3F70438E1D20 /* Pods_Teamio.framework */,
				C8E0599DA5ADF6E2BAC18078 /* Pods_Teamio_TeamioUITests.framework */,
				9835984AFEC8F2E7B08BDE99 /* Pods_TeamioTests.framework */,
			);
			name = Frameworks;
			sourceTree = "<group>";
		};
/* End PBXGroup section */

/* Begin PBXNativeTarget section */
		A8E71B182642FFC9002B7EB2 /* Teamio */ = {
			isa = PBXNativeTarget;
			buildConfigurationList = A8E71B3E2642FFCC002B7EB2 /* Build configuration list for PBXNativeTarget "Teamio" */;
			buildPhases = (
				9A5656033A97F52D59A28846 /* [CP] Check Pods Manifest.lock */,
				A8E71B152642FFC9002B7EB2 /* Sources */,
				A8E71B162642FFC9002B7EB2 /* Frameworks */,
				A8E71B172642FFC9002B7EB2 /* Resources */,
				2FA5138E3BC3C21F909EFC0B /* [CP] Embed Pods Frameworks */,
			);
			buildRules = (
			);
			dependencies = (
			);
			name = Teamio;
			productName = Teamio;
			productReference = A8E71B192642FFC9002B7EB2 /* Teamio.app */;
			productType = "com.apple.product-type.application";
		};
		A8E71B292642FFCC002B7EB2 /* TeamioTests */ = {
			isa = PBXNativeTarget;
			buildConfigurationList = A8E71B412642FFCC002B7EB2 /* Build configuration list for PBXNativeTarget "TeamioTests" */;
			buildPhases = (
				58550DF36B7A45165262B1E6 /* [CP] Check Pods Manifest.lock */,
				A8E71B262642FFCC002B7EB2 /* Sources */,
				A8E71B272642FFCC002B7EB2 /* Frameworks */,
				A8E71B282642FFCC002B7EB2 /* Resources */,
			);
			buildRules = (
			);
			dependencies = (
				A8E71B2C2642FFCC002B7EB2 /* PBXTargetDependency */,
			);
			name = TeamioTests;
			productName = TeamioTests;
			productReference = A8E71B2A2642FFCC002B7EB2 /* TeamioTests.xctest */;
			productType = "com.apple.product-type.bundle.unit-test";
		};
		A8E71B342642FFCC002B7EB2 /* TeamioUITests */ = {
			isa = PBXNativeTarget;
			buildConfigurationList = A8E71B442642FFCC002B7EB2 /* Build configuration list for PBXNativeTarget "TeamioUITests" */;
			buildPhases = (
				FA3D0B2A7DD3CCEAD8BC919B /* [CP] Check Pods Manifest.lock */,
				A8E71B312642FFCC002B7EB2 /* Sources */,
				A8E71B322642FFCC002B7EB2 /* Frameworks */,
				A8E71B332642FFCC002B7EB2 /* Resources */,
				8F4330863947660596B89758 /* [CP] Embed Pods Frameworks */,
			);
			buildRules = (
			);
			dependencies = (
				A8E71B372642FFCC002B7EB2 /* PBXTargetDependency */,
			);
			name = TeamioUITests;
			productName = TeamioUITests;
			productReference = A8E71B352642FFCC002B7EB2 /* TeamioUITests.xctest */;
			productType = "com.apple.product-type.bundle.ui-testing";
		};
/* End PBXNativeTarget section */

/* Begin PBXProject section */
		A8E71B112642FFC9002B7EB2 /* Project object */ = {
			isa = PBXProject;
			attributes = {
				LastSwiftUpdateCheck = 1250;
				LastUpgradeCheck = 1250;
				TargetAttributes = {
					A8E71B182642FFC9002B7EB2 = {
						CreatedOnToolsVersion = 12.5;
					};
					A8E71B292642FFCC002B7EB2 = {
						CreatedOnToolsVersion = 12.5;
						TestTargetID = A8E71B182642FFC9002B7EB2;
					};
					A8E71B342642FFCC002B7EB2 = {
						CreatedOnToolsVersion = 12.5;
						TestTargetID = A8E71B182642FFC9002B7EB2;
					};
				};
			};
			buildConfigurationList = A8E71B142642FFC9002B7EB2 /* Build configuration list for PBXProject "Teamio" */;
			compatibilityVersion = "Xcode 9.3";
			developmentRegion = en;
			hasScannedForEncodings = 0;
			knownRegions = (
				en,
				Base,
			);
			mainGroup = A8E71B102642FFC9002B7EB2;
			productRefGroup = A8E71B1A2642FFC9002B7EB2 /* Products */;
			projectDirPath = "";
			projectRoot = "";
			targets = (
				A8E71B182642FFC9002B7EB2 /* Teamio */,
				A8E71B292642FFCC002B7EB2 /* TeamioTests */,
				A8E71B342642FFCC002B7EB2 /* TeamioUITests */,
			);
		};
/* End PBXProject section */

/* Begin PBXResourcesBuildPhase section */
		A8E71B172642FFC9002B7EB2 /* Resources */ = {
			isa = PBXResourcesBuildPhase;
			buildActionMask = 2147483647;
			files = (
				A8E71B6026431B3D002B7EB2 /* Hellix-Bold.ttf in Resources */,
				A8E71B622643C89B002B7EB2 /* GoogleService-Info.plist in Resources */,
				A8E71B242642FFCC002B7EB2 /* Preview Assets.xcassets in Resources */,
				A8E71B582643152B002B7EB2 /* Hellix-SemiBold.ttf in Resources */,
				A8E71B5726431527002B7EB2 /* Hellix-Regular.ttf in Resources */,
				A8E71B212642FFCC002B7EB2 /* Assets.xcassets in Resources */,
			);
			runOnlyForDeploymentPostprocessing = 0;
		};
		A8E71B282642FFCC002B7EB2 /* Resources */ = {
			isa = PBXResourcesBuildPhase;
			buildActionMask = 2147483647;
			files = (
			);
			runOnlyForDeploymentPostprocessing = 0;
		};
		A8E71B332642FFCC002B7EB2 /* Resources */ = {
			isa = PBXResourcesBuildPhase;
			buildActionMask = 2147483647;
			files = (
			);
			runOnlyForDeploymentPostprocessing = 0;
		};
/* End PBXResourcesBuildPhase section */

/* Begin PBXShellScriptBuildPhase section */
		2FA5138E3BC3C21F909EFC0B /* [CP] Embed Pods Frameworks */ = {
			isa = PBXShellScriptBuildPhase;
			buildActionMask = 2147483647;
			files = (
			);
			inputFileListPaths = (
				"${PODS_ROOT}/Target Support Files/Pods-Teamio/Pods-Teamio-frameworks-${CONFIGURATION}-input-files.xcfilelist",
			);
			name = "[CP] Embed Pods Frameworks";
			outputFileListPaths = (
				"${PODS_ROOT}/Target Support Files/Pods-Teamio/Pods-Teamio-frameworks-${CONFIGURATION}-output-files.xcfilelist",
			);
			runOnlyForDeploymentPostprocessing = 0;
			shellPath = /bin/sh;
			shellScript = "\"${PODS_ROOT}/Target Support Files/Pods-Teamio/Pods-Teamio-frameworks.sh\"\n";
			showEnvVarsInLog = 0;
		};
		58550DF36B7A45165262B1E6 /* [CP] Check Pods Manifest.lock */ = {
			isa = PBXShellScriptBuildPhase;
			buildActionMask = 2147483647;
			files = (
			);
			inputFileListPaths = (
			);
			inputPaths = (
				"${PODS_PODFILE_DIR_PATH}/Podfile.lock",
				"${PODS_ROOT}/Manifest.lock",
			);
			name = "[CP] Check Pods Manifest.lock";
			outputFileListPaths = (
			);
			outputPaths = (
				"$(DERIVED_FILE_DIR)/Pods-TeamioTests-checkManifestLockResult.txt",
			);
			runOnlyForDeploymentPostprocessing = 0;
			shellPath = /bin/sh;
			shellScript = "diff \"${PODS_PODFILE_DIR_PATH}/Podfile.lock\" \"${PODS_ROOT}/Manifest.lock\" > /dev/null\nif [ $? != 0 ] ; then\n    # print error to STDERR\n    echo \"error: The sandbox is not in sync with the Podfile.lock. Run 'pod install' or update your CocoaPods installation.\" >&2\n    exit 1\nfi\n# This output is used by Xcode 'outputs' to avoid re-running this script phase.\necho \"SUCCESS\" > \"${SCRIPT_OUTPUT_FILE_0}\"\n";
			showEnvVarsInLog = 0;
		};
		8F4330863947660596B89758 /* [CP] Embed Pods Frameworks */ = {
			isa = PBXShellScriptBuildPhase;
			buildActionMask = 2147483647;
			files = (
			);
			inputFileListPaths = (
				"${PODS_ROOT}/Target Support Files/Pods-Teamio-TeamioUITests/Pods-Teamio-TeamioUITests-frameworks-${CONFIGURATION}-input-files.xcfilelist",
			);
			name = "[CP] Embed Pods Frameworks";
			outputFileListPaths = (
				"${PODS_ROOT}/Target Support Files/Pods-Teamio-TeamioUITests/Pods-Teamio-TeamioUITests-frameworks-${CONFIGURATION}-output-files.xcfilelist",
			);
			runOnlyForDeploymentPostprocessing = 0;
			shellPath = /bin/sh;
			shellScript = "\"${PODS_ROOT}/Target Support Files/Pods-Teamio-TeamioUITests/Pods-Teamio-TeamioUITests-frameworks.sh\"\n";
			showEnvVarsInLog = 0;
		};
		9A5656033A97F52D59A28846 /* [CP] Check Pods Manifest.lock */ = {
			isa = PBXShellScriptBuildPhase;
			buildActionMask = 2147483647;
			files = (
			);
			inputFileListPaths = (
			);
			inputPaths = (
				"${PODS_PODFILE_DIR_PATH}/Podfile.lock",
				"${PODS_ROOT}/Manifest.lock",
			);
			name = "[CP] Check Pods Manifest.lock";
			outputFileListPaths = (
			);
			outputPaths = (
				"$(DERIVED_FILE_DIR)/Pods-Teamio-checkManifestLockResult.txt",
			);
			runOnlyForDeploymentPostprocessing = 0;
			shellPath = /bin/sh;
			shellScript = "diff \"${PODS_PODFILE_DIR_PATH}/Podfile.lock\" \"${PODS_ROOT}/Manifest.lock\" > /dev/null\nif [ $? != 0 ] ; then\n    # print error to STDERR\n    echo \"error: The sandbox is not in sync with the Podfile.lock. Run 'pod install' or update your CocoaPods installation.\" >&2\n    exit 1\nfi\n# This output is used by Xcode 'outputs' to avoid re-running this script phase.\necho \"SUCCESS\" > \"${SCRIPT_OUTPUT_FILE_0}\"\n";
			showEnvVarsInLog = 0;
		};
		FA3D0B2A7DD3CCEAD8BC919B /* [CP] Check Pods Manifest.lock */ = {
			isa = PBXShellScriptBuildPhase;
			buildActionMask = 2147483647;
			files = (
			);
			inputFileListPaths = (
			);
			inputPaths = (
				"${PODS_PODFILE_DIR_PATH}/Podfile.lock",
				"${PODS_ROOT}/Manifest.lock",
			);
			name = "[CP] Check Pods Manifest.lock";
			outputFileListPaths = (
			);
			outputPaths = (
				"$(DERIVED_FILE_DIR)/Pods-Teamio-TeamioUITests-checkManifestLockResult.txt",
			);
			runOnlyForDeploymentPostprocessing = 0;
			shellPath = /bin/sh;
			shellScript = "diff \"${PODS_PODFILE_DIR_PATH}/Podfile.lock\" \"${PODS_ROOT}/Manifest.lock\" > /dev/null\nif [ $? != 0 ] ; then\n    # print error to STDERR\n    echo \"error: The sandbox is not in sync with the Podfile.lock. Run 'pod install' or update your CocoaPods installation.\" >&2\n    exit 1\nfi\n# This output is used by Xcode 'outputs' to avoid re-running this script phase.\necho \"SUCCESS\" > \"${SCRIPT_OUTPUT_FILE_0}\"\n";
			showEnvVarsInLog = 0;
		};
/* End PBXShellScriptBuildPhase section */

/* Begin PBXSourcesBuildPhase section */
		A8E71B152642FFC9002B7EB2 /* Sources */ = {
			isa = PBXSourcesBuildPhase;
			buildActionMask = 2147483647;
			files = (
				A8E71B50264304CA002B7EB2 /* TextFieldStyle.swift in Sources */,
				A8E71B4D26430038002B7EB2 /* Login.swift in Sources */,
				A8E71B1D2642FFC9002B7EB2 /* TeamioApp.swift in Sources */,
				A8E71B6F2643CEDF002B7EB2 /* Home.swift in Sources */,
				A8E71B712643D1AA002B7EB2 /* PostsListViewModel.swift in Sources */,
				A8E71B752643EDA5002B7EB2 /* User.swift in Sources */,
				A8E71B532643075A002B7EB2 /* Extension+UIColor.swift in Sources */,
				A8E71B6B2643CD19002B7EB2 /* Post.swift in Sources */,
				A8E71B5E26431952002B7EB2 /* SignUp.swift in Sources */,
				A8E71B782643EDD4002B7EB2 /* ViewModel.swift in Sources */,
			);
			runOnlyForDeploymentPostprocessing = 0;
		};
		A8E71B262642FFCC002B7EB2 /* Sources */ = {
			isa = PBXSourcesBuildPhase;
			buildActionMask = 2147483647;
			files = (
				A8E71B2F2642FFCC002B7EB2 /* TeamioTests.swift in Sources */,
			);
			runOnlyForDeploymentPostprocessing = 0;
		};
		A8E71B312642FFCC002B7EB2 /* Sources */ = {
			isa = PBXSourcesBuildPhase;
			buildActionMask = 2147483647;
			files = (
				A8E71B3A2642FFCC002B7EB2 /* TeamioUITests.swift in Sources */,
			);
			runOnlyForDeploymentPostprocessing = 0;
		};
/* End PBXSourcesBuildPhase section */

/* Begin PBXTargetDependency section */
		A8E71B2C2642FFCC002B7EB2 /* PBXTargetDependency */ = {
			isa = PBXTargetDependency;
			target = A8E71B182642FFC9002B7EB2 /* Teamio */;
			targetProxy = A8E71B2B2642FFCC002B7EB2 /* PBXContainerItemProxy */;
		};
		A8E71B372642FFCC002B7EB2 /* PBXTargetDependency */ = {
			isa = PBXTargetDependency;
			target = A8E71B182642FFC9002B7EB2 /* Teamio */;
			targetProxy = A8E71B362642FFCC002B7EB2 /* PBXContainerItemProxy */;
		};
/* End PBXTargetDependency section */

/* Begin XCBuildConfiguration section */
		A8E71B3C2642FFCC002B7EB2 /* Debug */ = {
			isa = XCBuildConfiguration;
			buildSettings = {
				ALWAYS_SEARCH_USER_PATHS = NO;
				CLANG_ANALYZER_NONNULL = YES;
				CLANG_ANALYZER_NUMBER_OBJECT_CONVERSION = YES_AGGRESSIVE;
				CLANG_CXX_LANGUAGE_STANDARD = "gnu++14";
				CLANG_CXX_LIBRARY = "libc++";
				CLANG_ENABLE_MODULES = YES;
				CLANG_ENABLE_OBJC_ARC = YES;
				CLANG_ENABLE_OBJC_WEAK = YES;
				CLANG_WARN_BLOCK_CAPTURE_AUTORELEASING = YES;
				CLANG_WARN_BOOL_CONVERSION = YES;
				CLANG_WARN_COMMA = YES;
				CLANG_WARN_CONSTANT_CONVERSION = YES;
				CLANG_WARN_DEPRECATED_OBJC_IMPLEMENTATIONS = YES;
				CLANG_WARN_DIRECT_OBJC_ISA_USAGE = YES_ERROR;
				CLANG_WARN_DOCUMENTATION_COMMENTS = YES;
				CLANG_WARN_EMPTY_BODY = YES;
				CLANG_WARN_ENUM_CONVERSION = YES;
				CLANG_WARN_INFINITE_RECURSION = YES;
				CLANG_WARN_INT_CONVERSION = YES;
				CLANG_WARN_NON_LITERAL_NULL_CONVERSION = YES;
				CLANG_WARN_OBJC_IMPLICIT_RETAIN_SELF = YES;
				CLANG_WARN_OBJC_LITERAL_CONVERSION = YES;
				CLANG_WARN_OBJC_ROOT_CLASS = YES_ERROR;
				CLANG_WARN_QUOTED_INCLUDE_IN_FRAMEWORK_HEADER = YES;
				CLANG_WARN_RANGE_LOOP_ANALYSIS = YES;
				CLANG_WARN_STRICT_PROTOTYPES = YES;
				CLANG_WARN_SUSPICIOUS_MOVE = YES;
				CLANG_WARN_UNGUARDED_AVAILABILITY = YES_AGGRESSIVE;
				CLANG_WARN_UNREACHABLE_CODE = YES;
				CLANG_WARN__DUPLICATE_METHOD_MATCH = YES;
				COPY_PHASE_STRIP = NO;
				DEBUG_INFORMATION_FORMAT = dwarf;
				ENABLE_STRICT_OBJC_MSGSEND = YES;
				ENABLE_TESTABILITY = YES;
				GCC_C_LANGUAGE_STANDARD = gnu11;
				GCC_DYNAMIC_NO_PIC = NO;
				GCC_NO_COMMON_BLOCKS = YES;
				GCC_OPTIMIZATION_LEVEL = 0;
				GCC_PREPROCESSOR_DEFINITIONS = (
					"DEBUG=1",
					"$(inherited)",
				);
				GCC_WARN_64_TO_32_BIT_CONVERSION = YES;
				GCC_WARN_ABOUT_RETURN_TYPE = YES_ERROR;
				GCC_WARN_UNDECLARED_SELECTOR = YES;
				GCC_WARN_UNINITIALIZED_AUTOS = YES_AGGRESSIVE;
				GCC_WARN_UNUSED_FUNCTION = YES;
				GCC_WARN_UNUSED_VARIABLE = YES;
				IPHONEOS_DEPLOYMENT_TARGET = 14.5;
				MTL_ENABLE_DEBUG_INFO = INCLUDE_SOURCE;
				MTL_FAST_MATH = YES;
				ONLY_ACTIVE_ARCH = YES;
				SDKROOT = iphoneos;
				SWIFT_ACTIVE_COMPILATION_CONDITIONS = DEBUG;
				SWIFT_OPTIMIZATION_LEVEL = "-Onone";
			};
			name = Debug;
		};
		A8E71B3D2642FFCC002B7EB2 /* Release */ = {
			isa = XCBuildConfiguration;
			buildSettings = {
				ALWAYS_SEARCH_USER_PATHS = NO;
				CLANG_ANALYZER_NONNULL = YES;
				CLANG_ANALYZER_NUMBER_OBJECT_CONVERSION = YES_AGGRESSIVE;
				CLANG_CXX_LANGUAGE_STANDARD = "gnu++14";
				CLANG_CXX_LIBRARY = "libc++";
				CLANG_ENABLE_MODULES = YES;
				CLANG_ENABLE_OBJC_ARC = YES;
				CLANG_ENABLE_OBJC_WEAK = YES;
				CLANG_WARN_BLOCK_CAPTURE_AUTORELEASING = YES;
				CLANG_WARN_BOOL_CONVERSION = YES;
				CLANG_WARN_COMMA = YES;
				CLANG_WARN_CONSTANT_CONVERSION = YES;
				CLANG_WARN_DEPRECATED_OBJC_IMPLEMENTATIONS = YES;
				CLANG_WARN_DIRECT_OBJC_ISA_USAGE = YES_ERROR;
				CLANG_WARN_DOCUMENTATION_COMMENTS = YES;
				CLANG_WARN_EMPTY_BODY = YES;
				CLANG_WARN_ENUM_CONVERSION = YES;
				CLANG_WARN_INFINITE_RECURSION = YES;
				CLANG_WARN_INT_CONVERSION = YES;
				CLANG_WARN_NON_LITERAL_NULL_CONVERSION = YES;
				CLANG_WARN_OBJC_IMPLICIT_RETAIN_SELF = YES;
				CLANG_WARN_OBJC_LITERAL_CONVERSION = YES;
				CLANG_WARN_OBJC_ROOT_CLASS = YES_ERROR;
				CLANG_WARN_QUOTED_INCLUDE_IN_FRAMEWORK_HEADER = YES;
				CLANG_WARN_RANGE_LOOP_ANALYSIS = YES;
				CLANG_WARN_STRICT_PROTOTYPES = YES;
				CLANG_WARN_SUSPICIOUS_MOVE = YES;
				CLANG_WARN_UNGUARDED_AVAILABILITY = YES_AGGRESSIVE;
				CLANG_WARN_UNREACHABLE_CODE = YES;
				CLANG_WARN__DUPLICATE_METHOD_MATCH = YES;
				COPY_PHASE_STRIP = NO;
				DEBUG_INFORMATION_FORMAT = "dwarf-with-dsym";
				ENABLE_NS_ASSERTIONS = NO;
				ENABLE_STRICT_OBJC_MSGSEND = YES;
				GCC_C_LANGUAGE_STANDARD = gnu11;
				GCC_NO_COMMON_BLOCKS = YES;
				GCC_WARN_64_TO_32_BIT_CONVERSION = YES;
				GCC_WARN_ABOUT_RETURN_TYPE = YES_ERROR;
				GCC_WARN_UNDECLARED_SELECTOR = YES;
				GCC_WARN_UNINITIALIZED_AUTOS = YES_AGGRESSIVE;
				GCC_WARN_UNUSED_FUNCTION = YES;
				GCC_WARN_UNUSED_VARIABLE = YES;
				IPHONEOS_DEPLOYMENT_TARGET = 14.5;
				MTL_ENABLE_DEBUG_INFO = NO;
				MTL_FAST_MATH = YES;
				SDKROOT = iphoneos;
				SWIFT_COMPILATION_MODE = wholemodule;
				SWIFT_OPTIMIZATION_LEVEL = "-O";
				VALIDATE_PRODUCT = YES;
			};
			name = Release;
		};
		A8E71B3F2642FFCC002B7EB2 /* Debug */ = {
			isa = XCBuildConfiguration;
			baseConfigurationReference = C15ECF826418646A8E00D9DA /* Pods-Teamio.debug.xcconfig */;
			buildSettings = {
				ASSETCATALOG_COMPILER_APPICON_NAME = AppIcon;
				ASSETCATALOG_COMPILER_GLOBAL_ACCENT_COLOR_NAME = AccentColor;
				CODE_SIGN_STYLE = Automatic;
				DEVELOPMENT_ASSET_PATHS = "\"Teamio/Preview Content\"";
				DEVELOPMENT_TEAM = BW23VJ3L4M;
				ENABLE_PREVIEWS = YES;
				INFOPLIST_FILE = Teamio/Info.plist;
				IPHONEOS_DEPLOYMENT_TARGET = 14.0;
				LD_RUNPATH_SEARCH_PATHS = (
					"$(inherited)",
					"@executable_path/Frameworks",
				);
				PRODUCT_BUNDLE_IDENTIFIER = com.app.Teamio;
				PRODUCT_NAME = "$(TARGET_NAME)";
				SWIFT_VERSION = 5.0;
				TARGETED_DEVICE_FAMILY = "1,2";
			};
			name = Debug;
		};
		A8E71B402642FFCC002B7EB2 /* Release */ = {
			isa = XCBuildConfiguration;
			baseConfigurationReference = 48E1956464145C8FEF2F1421 /* Pods-Teamio.release.xcconfig */;
			buildSettings = {
				ASSETCATALOG_COMPILER_APPICON_NAME = AppIcon;
				ASSETCATALOG_COMPILER_GLOBAL_ACCENT_COLOR_NAME = AccentColor;
				CODE_SIGN_STYLE = Automatic;
				DEVELOPMENT_ASSET_PATHS = "\"Teamio/Preview Content\"";
				DEVELOPMENT_TEAM = BW23VJ3L4M;
				ENABLE_PREVIEWS = YES;
				INFOPLIST_FILE = Teamio/Info.plist;
				IPHONEOS_DEPLOYMENT_TARGET = 14.0;
				LD_RUNPATH_SEARCH_PATHS = (
					"$(inherited)",
					"@executable_path/Frameworks",
				);
				PRODUCT_BUNDLE_IDENTIFIER = com.app.Teamio;
				PRODUCT_NAME = "$(TARGET_NAME)";
				SWIFT_VERSION = 5.0;
				TARGETED_DEVICE_FAMILY = "1,2";
			};
			name = Release;
		};
		A8E71B422642FFCC002B7EB2 /* Debug */ = {
			isa = XCBuildConfiguration;
			baseConfigurationReference = 5CBACEE94D3AFADE298CBC5E /* Pods-TeamioTests.debug.xcconfig */;
			buildSettings = {
				ALWAYS_EMBED_SWIFT_STANDARD_LIBRARIES = YES;
				BUNDLE_LOADER = "$(TEST_HOST)";
				CODE_SIGN_STYLE = Automatic;
				DEVELOPMENT_TEAM = YN9864RCHF;
				INFOPLIST_FILE = TeamioTests/Info.plist;
				IPHONEOS_DEPLOYMENT_TARGET = 14.0;
				LD_RUNPATH_SEARCH_PATHS = (
					"$(inherited)",
					"@executable_path/Frameworks",
					"@loader_path/Frameworks",
				);
				PRODUCT_BUNDLE_IDENTIFIER = com.app.TeamioTests;
				PRODUCT_NAME = "$(TARGET_NAME)";
				SWIFT_VERSION = 5.0;
				TARGETED_DEVICE_FAMILY = "1,2";
				TEST_HOST = "$(BUILT_PRODUCTS_DIR)/Teamio.app/Teamio";
			};
			name = Debug;
		};
		A8E71B432642FFCC002B7EB2 /* Release */ = {
			isa = XCBuildConfiguration;
			baseConfigurationReference = BE375F305D5F5B32F1DD8BFB /* Pods-TeamioTests.release.xcconfig */;
			buildSettings = {
				ALWAYS_EMBED_SWIFT_STANDARD_LIBRARIES = YES;
				BUNDLE_LOADER = "$(TEST_HOST)";
				CODE_SIGN_STYLE = Automatic;
				DEVELOPMENT_TEAM = YN9864RCHF;
				INFOPLIST_FILE = TeamioTests/Info.plist;
				IPHONEOS_DEPLOYMENT_TARGET = 14.0;
				LD_RUNPATH_SEARCH_PATHS = (
					"$(inherited)",
					"@executable_path/Frameworks",
					"@loader_path/Frameworks",
				);
				PRODUCT_BUNDLE_IDENTIFIER = com.app.TeamioTests;
				PRODUCT_NAME = "$(TARGET_NAME)";
				SWIFT_VERSION = 5.0;
				TARGETED_DEVICE_FAMILY = "1,2";
				TEST_HOST = "$(BUILT_PRODUCTS_DIR)/Teamio.app/Teamio";
			};
			name = Release;
		};
		A8E71B452642FFCC002B7EB2 /* Debug */ = {
			isa = XCBuildConfiguration;
			baseConfigurationReference = 0880F515F44A2A850EF4144D /* Pods-Teamio-TeamioUITests.debug.xcconfig */;
			buildSettings = {
				ALWAYS_EMBED_SWIFT_STANDARD_LIBRARIES = YES;
				CODE_SIGN_STYLE = Automatic;
				DEVELOPMENT_TEAM = YN9864RCHF;
				INFOPLIST_FILE = TeamioUITests/Info.plist;
				LD_RUNPATH_SEARCH_PATHS = (
					"$(inherited)",
					"@executable_path/Frameworks",
					"@loader_path/Frameworks",
				);
				PRODUCT_BUNDLE_IDENTIFIER = com.app.TeamioUITests;
				PRODUCT_NAME = "$(TARGET_NAME)";
				SWIFT_VERSION = 5.0;
				TARGETED_DEVICE_FAMILY = "1,2";
				TEST_TARGET_NAME = Teamio;
			};
			name = Debug;
		};
		A8E71B462642FFCC002B7EB2 /* Release */ = {
			isa = XCBuildConfiguration;
			baseConfigurationReference = EA44E814565863A2094A2C12 /* Pods-Teamio-TeamioUITests.release.xcconfig */;
			buildSettings = {
				ALWAYS_EMBED_SWIFT_STANDARD_LIBRARIES = YES;
				CODE_SIGN_STYLE = Automatic;
				DEVELOPMENT_TEAM = YN9864RCHF;
				INFOPLIST_FILE = TeamioUITests/Info.plist;
				LD_RUNPATH_SEARCH_PATHS = (
					"$(inherited)",
					"@executable_path/Frameworks",
					"@loader_path/Frameworks",
				);
				PRODUCT_BUNDLE_IDENTIFIER = com.app.TeamioUITests;
				PRODUCT_NAME = "$(TARGET_NAME)";
				SWIFT_VERSION = 5.0;
				TARGETED_DEVICE_FAMILY = "1,2";
				TEST_TARGET_NAME = Teamio;
			};
			name = Release;
		};
/* End XCBuildConfiguration section */

/* Begin XCConfigurationList section */
		A8E71B142642FFC9002B7EB2 /* Build configuration list for PBXProject "Teamio" */ = {
			isa = XCConfigurationList;
			buildConfigurations = (
				A8E71B3C2642FFCC002B7EB2 /* Debug */,
				A8E71B3D2642FFCC002B7EB2 /* Release */,
			);
			defaultConfigurationIsVisible = 0;
			defaultConfigurationName = Release;
		};
		A8E71B3E2642FFCC002B7EB2 /* Build configuration list for PBXNativeTarget "Teamio" */ = {
			isa = XCConfigurationList;
			buildConfigurations = (
				A8E71B3F2642FFCC002B7EB2 /* Debug */,
				A8E71B402642FFCC002B7EB2 /* Release */,
			);
			defaultConfigurationIsVisible = 0;
			defaultConfigurationName = Release;
		};
		A8E71B412642FFCC002B7EB2 /* Build configuration list for PBXNativeTarget "TeamioTests" */ = {
			isa = XCConfigurationList;
			buildConfigurations = (
				A8E71B422642FFCC002B7EB2 /* Debug */,
				A8E71B432642FFCC002B7EB2 /* Release */,
			);
			defaultConfigurationIsVisible = 0;
			defaultConfigurationName = Release;
		};
		A8E71B442642FFCC002B7EB2 /* Build configuration list for PBXNativeTarget "TeamioUITests" */ = {
			isa = XCConfigurationList;
			buildConfigurations = (
				A8E71B452642FFCC002B7EB2 /* Debug */,
				A8E71B462642FFCC002B7EB2 /* Release */,
			);
			defaultConfigurationIsVisible = 0;
			defaultConfigurationName = Release;
		};
/* End XCConfigurationList section */
	};
	rootObject = A8E71B112642FFC9002B7EB2 /* Project object */;
}
